
Microsoft Visual Studio Solution File, Format Version 12.00
# Visual Studio Version 17
VisualStudioVersion = 17.11.35222.181
MinimumVisualStudioVersion = 10.0.40219.1
Project("{FAE04EC0-301F-11D3-BF4B-00C04F79EFBC}") = "Guia6.1", "Guia6.1\Guia6.1.csproj", "{18C6EFF3-DF25-40FB-A122-F462D6FFB3AF}"
EndProject
Global
	GlobalSection(SolutionConfigurationPlatforms) = preSolution
		Debug|Any CPU = Debug|Any CPU
		Release|Any CPU = Release|Any CPU
	EndGlobalSection
	GlobalSection(ProjectConfigurationPlatforms) = postSolution
		{18C6EFF3-DF25-40FB-A122-F462D6FFB3AF}.Debug|Any CPU.ActiveCfg = Debug|Any CPU
		{18C6EFF3-DF25-40FB-A122-F462D6FFB3AF}.Debug|Any CPU.Build.0 = Debug|Any CPU
		{18C6EFF3-DF25-40FB-A122-F462D6FFB3AF}.Release|Any CPU.ActiveCfg = Release|Any CPU
		{18C6EFF3-DF25-40FB-A122-F462D6FFB3AF}.Release|Any CPU.Build.0 = Release|Any CPU
	EndGlobalSection
	GlobalSection(SolutionProperties) = preSolution
		HideSolutionNode = FALSE
	EndGlobalSection
	GlobalSection(ExtensibilityGlobals) = postSolution
		SolutionGuid = {9DBC1359-D408-4CAF-BE72-0F5EF2AE0163}
	EndGlobalSection
EndGlobal
